
Microsoft Visual Studio Solution File, Format Version 12.00
# Visual Studio Express 2012 for Windows Desktop
Project("{FAE04EC0-301F-11D3-BF4B-00C04F79EFBC}") = "Subneteo", "Subneteo\Subneteo.csproj", "{185C7F93-B5B0-4A8D-B4F6-1C18715E2C86}"
EndProject
Global
	GlobalSection(SolutionConfigurationPlatforms) = preSolution
		Debug|Any CPU = Debug|Any CPU
		Release|Any CPU = Release|Any CPU
	EndGlobalSection
	GlobalSection(ProjectConfigurationPlatforms) = postSolution
		{185C7F93-B5B0-4A8D-B4F6-1C18715E2C86}.Debug|Any CPU.ActiveCfg = Debug|Any CPU
		{185C7F93-B5B0-4A8D-B4F6-1C18715E2C86}.Debug|Any CPU.Build.0 = Debug|Any CPU
		{185C7F93-B5B0-4A8D-B4F6-1C18715E2C86}.Release|Any CPU.ActiveCfg = Release|Any CPU
		{185C7F93-B5B0-4A8D-B4F6-1C18715E2C86}.Release|Any CPU.Build.0 = Release|Any CPU
	EndGlobalSection
	GlobalSection(SolutionProperties) = preSolution
		HideSolutionNode = FALSE
	EndGlobalSection
EndGlobal
